
Microsoft Visual Studio Solution File, Format Version 12.00
# Visual Studio Version 17
VisualStudioVersion = 17.0.31903.59
MinimumVisualStudioVersion = 10.0.40219.1
Project("{9A19103F-16F7-4668-BE54-9A1E7A4F7556}") = "Shopping.Readers.MT", "Shopping.Readers.MT\Shopping.Readers.MT.csproj", "{8DBE2566-FB4E-4B79-B7BA-86AC9E7FDE11}"
EndProject
Project("{9A19103F-16F7-4668-BE54-9A1E7A4F7556}") = "Shopping.Readers.MT.Tests", "Shopping.Readers.MT.Tests\Shopping.Readers.MT.Tests.csproj", "{9CBD34D5-CB36-49CE-B76D-392555EEB06B}"
EndProject
Project("{9A19103F-16F7-4668-BE54-9A1E7A4F7556}") = "Shopping.Common", "..\..\Shopping.Common\Shopping.Common.csproj", "{2E866759-9CB9-4C84-ACAB-CB350740594F}"
EndProject
Global
	GlobalSection(SolutionConfigurationPlatforms) = preSolution
		Debug|Any CPU = Debug|Any CPU
		Release|Any CPU = Release|Any CPU
	EndGlobalSection
	GlobalSection(ProjectConfigurationPlatforms) = postSolution
		{8DBE2566-FB4E-4B79-B7BA-86AC9E7FDE11}.Debug|Any CPU.ActiveCfg = Debug|Any CPU
		{8DBE2566-FB4E-4B79-B7BA-86AC9E7FDE11}.Debug|Any CPU.Build.0 = Debug|Any CPU
		{8DBE2566-FB4E-4B79-B7BA-86AC9E7FDE11}.Release|Any CPU.ActiveCfg = Release|Any CPU
		{8DBE2566-FB4E-4B79-B7BA-86AC9E7FDE11}.Release|Any CPU.Build.0 = Release|Any CPU
		{9CBD34D5-CB36-49CE-B76D-392555EEB06B}.Debug|Any CPU.ActiveCfg = Debug|Any CPU
		{9CBD34D5-CB36-49CE-B76D-392555EEB06B}.Debug|Any CPU.Build.0 = Debug|Any CPU
		{9CBD34D5-CB36-49CE-B76D-392555EEB06B}.Release|Any CPU.ActiveCfg = Release|Any CPU
		{9CBD34D5-CB36-49CE-B76D-392555EEB06B}.Release|Any CPU.Build.0 = Release|Any CPU
		{2E866759-9CB9-4C84-ACAB-CB350740594F}.Debug|Any CPU.ActiveCfg = Debug|Any CPU
		{2E866759-9CB9-4C84-ACAB-CB350740594F}.Debug|Any CPU.Build.0 = Debug|Any CPU
		{2E866759-9CB9-4C84-ACAB-CB350740594F}.Release|Any CPU.ActiveCfg = Release|Any CPU
		{2E866759-9CB9-4C84-ACAB-CB350740594F}.Release|Any CPU.Build.0 = Release|Any CPU
	EndGlobalSection
	GlobalSection(SolutionProperties) = preSolution
		HideSolutionNode = FALSE
	EndGlobalSection
	GlobalSection(ExtensibilityGlobals) = postSolution
		SolutionGuid = {1ED47CF1-F1A2-4858-8DAA-7C743214313C}
	EndGlobalSection
EndGlobal
