
Microsoft Visual Studio Solution File, Format Version 12.00
# Visual Studio Version 17
VisualStudioVersion = 17.0.31903.59
MinimumVisualStudioVersion = 10.0.40219.1
Project("{9A19103F-16F7-4668-BE54-9A1E7A4F7556}") = "Shopping.Processing.Products", "Shopping.Processing.Products\Shopping.Processing.Products.csproj", "{4539661C-FEBC-4084-8070-016FAD96E124}"
EndProject
Project("{9A19103F-16F7-4668-BE54-9A1E7A4F7556}") = "Shopping.Processing.Products.Tests", "Shopping.Processing.Products.Tests\Shopping.Processing.Products.Tests.csproj", "{F38754EC-4979-4899-92CF-5D1B46D155DD}"
EndProject
Project("{9A19103F-16F7-4668-BE54-9A1E7A4F7556}") = "Shopping.Common", "..\Shopping.Common\Shopping.Common.csproj", "{D6A46761-14AC-4BB3-89FE-5AC878D24DD1}"
EndProject
Global
	GlobalSection(SolutionConfigurationPlatforms) = preSolution
		Debug|Any CPU = Debug|Any CPU
		Release|Any CPU = Release|Any CPU
	EndGlobalSection
	GlobalSection(ProjectConfigurationPlatforms) = postSolution
		{4539661C-FEBC-4084-8070-016FAD96E124}.Debug|Any CPU.ActiveCfg = Debug|Any CPU
		{4539661C-FEBC-4084-8070-016FAD96E124}.Debug|Any CPU.Build.0 = Debug|Any CPU
		{4539661C-FEBC-4084-8070-016FAD96E124}.Release|Any CPU.ActiveCfg = Release|Any CPU
		{4539661C-FEBC-4084-8070-016FAD96E124}.Release|Any CPU.Build.0 = Release|Any CPU
		{F38754EC-4979-4899-92CF-5D1B46D155DD}.Debug|Any CPU.ActiveCfg = Debug|Any CPU
		{F38754EC-4979-4899-92CF-5D1B46D155DD}.Debug|Any CPU.Build.0 = Debug|Any CPU
		{F38754EC-4979-4899-92CF-5D1B46D155DD}.Release|Any CPU.ActiveCfg = Release|Any CPU
		{F38754EC-4979-4899-92CF-5D1B46D155DD}.Release|Any CPU.Build.0 = Release|Any CPU
		{D6A46761-14AC-4BB3-89FE-5AC878D24DD1}.Debug|Any CPU.ActiveCfg = Debug|Any CPU
		{D6A46761-14AC-4BB3-89FE-5AC878D24DD1}.Debug|Any CPU.Build.0 = Debug|Any CPU
		{D6A46761-14AC-4BB3-89FE-5AC878D24DD1}.Release|Any CPU.ActiveCfg = Release|Any CPU
		{D6A46761-14AC-4BB3-89FE-5AC878D24DD1}.Release|Any CPU.Build.0 = Release|Any CPU
	EndGlobalSection
	GlobalSection(SolutionProperties) = preSolution
		HideSolutionNode = FALSE
	EndGlobalSection
	GlobalSection(ExtensibilityGlobals) = postSolution
		SolutionGuid = {936848A8-AF59-4017-AEF0-280BB86D718C}
	EndGlobalSection
EndGlobal
