
Microsoft Visual Studio Solution File, Format Version 12.00
# Visual Studio Version 17
VisualStudioVersion = 17.0.31903.59
MinimumVisualStudioVersion = 10.0.40219.1
Project("{9A19103F-16F7-4668-BE54-9A1E7A4F7556}") = "Shopping.Normalizing", "Shopping.Normalizing\Shopping.Normalizing.csproj", "{5D046008-37DD-4BB8-9E89-050625160013}"
EndProject
Project("{9A19103F-16F7-4668-BE54-9A1E7A4F7556}") = "Shopping.Normalizing.Tests", "Shopping.Normalizing.Tests\Shopping.Normalizing.Tests.csproj", "{41044B8B-7A0D-4B2F-A3C5-B4D33489AFDA}"
EndProject
Project("{9A19103F-16F7-4668-BE54-9A1E7A4F7556}") = "Shopping.Readers.Common", "..\Shopping.Readers.Common\Shopping.Readers.Common.csproj", "{51AD04EF-204F-439D-BF15-1B1CEA6394DA}"
EndProject
Global
	GlobalSection(SolutionConfigurationPlatforms) = preSolution
		Debug|Any CPU = Debug|Any CPU
		Release|Any CPU = Release|Any CPU
	EndGlobalSection
	GlobalSection(ProjectConfigurationPlatforms) = postSolution
		{5D046008-37DD-4BB8-9E89-050625160013}.Debug|Any CPU.ActiveCfg = Debug|Any CPU
		{5D046008-37DD-4BB8-9E89-050625160013}.Debug|Any CPU.Build.0 = Debug|Any CPU
		{5D046008-37DD-4BB8-9E89-050625160013}.Release|Any CPU.ActiveCfg = Release|Any CPU
		{5D046008-37DD-4BB8-9E89-050625160013}.Release|Any CPU.Build.0 = Release|Any CPU
		{41044B8B-7A0D-4B2F-A3C5-B4D33489AFDA}.Debug|Any CPU.ActiveCfg = Debug|Any CPU
		{41044B8B-7A0D-4B2F-A3C5-B4D33489AFDA}.Debug|Any CPU.Build.0 = Debug|Any CPU
		{41044B8B-7A0D-4B2F-A3C5-B4D33489AFDA}.Release|Any CPU.ActiveCfg = Release|Any CPU
		{41044B8B-7A0D-4B2F-A3C5-B4D33489AFDA}.Release|Any CPU.Build.0 = Release|Any CPU
		{51AD04EF-204F-439D-BF15-1B1CEA6394DA}.Debug|Any CPU.ActiveCfg = Debug|Any CPU
		{51AD04EF-204F-439D-BF15-1B1CEA6394DA}.Debug|Any CPU.Build.0 = Debug|Any CPU
		{51AD04EF-204F-439D-BF15-1B1CEA6394DA}.Release|Any CPU.ActiveCfg = Release|Any CPU
		{51AD04EF-204F-439D-BF15-1B1CEA6394DA}.Release|Any CPU.Build.0 = Release|Any CPU
	EndGlobalSection
	GlobalSection(SolutionProperties) = preSolution
		HideSolutionNode = FALSE
	EndGlobalSection
	GlobalSection(ExtensibilityGlobals) = postSolution
		SolutionGuid = {6700C9A9-1BFB-4E4E-8D04-6C285EC4551A}
	EndGlobalSection
EndGlobal
