
Microsoft Visual Studio Solution File, Format Version 12.00
# Visual Studio Version 17
VisualStudioVersion = 17.0.31903.59
MinimumVisualStudioVersion = 10.0.40219.1
Project("{FAE04EC0-301F-11D3-BF4B-00C04F79EFBC}") = "Shopping.Normalizing", "Shopping.Normalizing\Shopping.Normalizing.csproj", "{5D046008-37DD-4BB8-9E89-050625160013}"
EndProject
Project("{FAE04EC0-301F-11D3-BF4B-00C04F79EFBC}") = "Shopping.Normalizing.Tests", "Shopping.Normalizing.Tests\Shopping.Normalizing.Tests.csproj", "{41044B8B-7A0D-4B2F-A3C5-B4D33489AFDA}"
EndProject
Global
	GlobalSection(SolutionConfigurationPlatforms) = preSolution
		Debug|Any CPU = Debug|Any CPU
		Release|Any CPU = Release|Any CPU
	EndGlobalSection
	GlobalSection(SolutionProperties) = preSolution
		HideSolutionNode = FALSE
	EndGlobalSection
	GlobalSection(ProjectConfigurationPlatforms) = postSolution
		{5D046008-37DD-4BB8-9E89-050625160013}.Debug|Any CPU.ActiveCfg = Debug|Any CPU
		{5D046008-37DD-4BB8-9E89-050625160013}.Debug|Any CPU.Build.0 = Debug|Any CPU
		{5D046008-37DD-4BB8-9E89-050625160013}.Release|Any CPU.ActiveCfg = Release|Any CPU
		{5D046008-37DD-4BB8-9E89-050625160013}.Release|Any CPU.Build.0 = Release|Any CPU
		{41044B8B-7A0D-4B2F-A3C5-B4D33489AFDA}.Debug|Any CPU.ActiveCfg = Debug|Any CPU
		{41044B8B-7A0D-4B2F-A3C5-B4D33489AFDA}.Debug|Any CPU.Build.0 = Debug|Any CPU
		{41044B8B-7A0D-4B2F-A3C5-B4D33489AFDA}.Release|Any CPU.ActiveCfg = Release|Any CPU
		{41044B8B-7A0D-4B2F-A3C5-B4D33489AFDA}.Release|Any CPU.Build.0 = Release|Any CPU
	EndGlobalSection
EndGlobal
